// !$*UTF8*$!
{
	archiveVersion = 1;
	classes = {
	};
	objectVersion = 46;
	objects = {

/* Begin PBXAggregateTarget section */
		2D14D44337CB4362AECDCC80 /* ZERO_CHECK */ = {
			isa = PBXAggregateTarget;
			buildConfigurationList = 308B04931EA14C27A74A086C /* Build configuration list for PBXAggregateTarget "ZERO_CHECK" */;
			buildPhases = (
				C96CA82A249341F082FFD58B /* CMake Rules */,
			);
			dependencies = (
			);
			name = ZERO_CHECK;
			productName = ZERO_CHECK;
		};
		7C987CD33259433ABC4B96D0 /* ALL_BUILD */ = {
			isa = PBXAggregateTarget;
			buildConfigurationList = BB081019BAFF4169847BCC30 /* Build configuration list for PBXAggregateTarget "ALL_BUILD" */;
			buildPhases = (
				A4F8C309501A415CA73676C2 /* CMake Rules */,
			);
			dependencies = (
				DDE124DE58FA463CB24FE658 /* PBXTargetDependency */,
				64C2515354E547569C1A51FD /* PBXTargetDependency */,
				C36059CA288344AE99FAD3B9 /* PBXTargetDependency */,
			);
			name = ALL_BUILD;
			productName = ALL_BUILD;
		};
/* End PBXAggregateTarget section */

/* Begin PBXBuildFile section */
		00690D560EC144D39FDEB5FA /* /Users/antoniolig/Developer/c++/native_mobile_lib/lib/CMakeLists.txt */ = {isa = PBXBuildFile; fileRef = 7B5632E405754E8C8DE8FC40 /* /Users/antoniolig/Developer/c++/native_mobile_lib/lib/CMakeLists.txt */; };
		00E82E74E0E24B37B76EA4A6 /* /Users/antoniolig/Developer/c++/native_mobile_lib/lib/include/foo.hpp */ = {isa = PBXBuildFile; fileRef = 3FB8A40325A84A26894CBF26 /* /Users/antoniolig/Developer/c++/native_mobile_lib/lib/include/foo.hpp */; };
		33201CBE3AD54B5EA9EF81D1 /* /Users/antoniolig/Developer/c++/native_mobile_lib/sample/CMakeLists.txt */ = {isa = PBXBuildFile; fileRef = 90CD1BAFCF204D0DB8C32B68 /* /Users/antoniolig/Developer/c++/native_mobile_lib/sample/CMakeLists.txt */; };
		BBCCE4B01A714EEFB160A931 /* /Users/antoniolig/Developer/c++/native_mobile_lib/sample/main.cpp */ = {isa = PBXBuildFile; fileRef = E8BA53FCA52C429EB3BA5B28 /* /Users/antoniolig/Developer/c++/native_mobile_lib/sample/main.cpp */; };
		E35BFECE77D745CEB7C0A614 /* /Users/antoniolig/Developer/c++/native_mobile_lib/lib/src/foo.cpp */ = {isa = PBXBuildFile; fileRef = E31B9AA57E7D42C29D797558 /* /Users/antoniolig/Developer/c++/native_mobile_lib/lib/src/foo.cpp */; };
/* End PBXBuildFile section */

/* Begin PBXBuildStyle section */
		29B3D67BDFFA453A9BC535D7 /* RelWithDebInfo */ = {
			isa = PBXBuildStyle;
			buildSettings = {
				COPY_PHASE_STRIP = NO;
			};
			name = RelWithDebInfo;
		};
		50AD8FADB6384C5684BFD5A5 /* Debug */ = {
			isa = PBXBuildStyle;
			buildSettings = {
				COPY_PHASE_STRIP = NO;
			};
			name = Debug;
		};
		831D0BA832EA4FAAA058B109 /* Release */ = {
			isa = PBXBuildStyle;
			buildSettings = {
				COPY_PHASE_STRIP = NO;
			};
			name = Release;
		};
		944006F9BD5D4B80AFCD2B78 /* MinSizeRel */ = {
			isa = PBXBuildStyle;
			buildSettings = {
				COPY_PHASE_STRIP = NO;
			};
			name = MinSizeRel;
		};
/* End PBXBuildStyle section */

/* Begin PBXContainerItemProxy section */
		147D4D0104AF4F2F83703BD5 /* PBXContainerItemProxy */ = {
			isa = PBXContainerItemProxy;
			containerPortal = 8E0B0ABC146844179A19D648 /* Project object */;
			proxyType = 1;
			remoteGlobalIDString = BE6C6BA323AF44F3B8646C88;
			remoteInfo = lib;
		};
		30BBEC7564A0434A82E060D0 /* PBXContainerItemProxy */ = {
			isa = PBXContainerItemProxy;
			containerPortal = 8E0B0ABC146844179A19D648 /* Project object */;
			proxyType = 1;
			remoteGlobalIDString = BE6C6BA323AF44F3B8646C88;
			remoteInfo = lib;
		};
		4154693F9DF54EF5B6EDC9C2 /* PBXContainerItemProxy */ = {
			isa = PBXContainerItemProxy;
			containerPortal = 8E0B0ABC146844179A19D648 /* Project object */;
			proxyType = 1;
			remoteGlobalIDString = 2D14D44337CB4362AECDCC80;
			remoteInfo = ZERO_CHECK;
		};
		A97A7201BFD149D287BCEA73 /* PBXContainerItemProxy */ = {
			isa = PBXContainerItemProxy;
			containerPortal = 8E0B0ABC146844179A19D648 /* Project object */;
			proxyType = 1;
			remoteGlobalIDString = C563ED5DC4D446F2B8C563F4;
			remoteInfo = sample;
		};
/* End PBXContainerItemProxy section */

/* Begin PBXFileReference section */
		1BAF58EB71A142F7AAB1DD4B /* sample */ = {isa = PBXFileReference; explicitFileType = "compiled.mach-o.executable"; path = sample; sourceTree = BUILT_PRODUCTS_DIR; };
		3FB8A40325A84A26894CBF26 /* /Users/antoniolig/Developer/c++/native_mobile_lib/lib/include/foo.hpp */ = {isa = PBXFileReference; explicitFileType = sourcecode.cpp.h; fileEncoding = 4; name = foo.hpp; path = lib/include/foo.hpp; sourceTree = SOURCE_ROOT; };
		4BE87F0897804BCFB2809836 /* lib */ = {isa = PBXFileReference; explicitFileType = archive.ar; path = liblib.a; sourceTree = BUILT_PRODUCTS_DIR; };
		7B5632E405754E8C8DE8FC40 /* /Users/antoniolig/Developer/c++/native_mobile_lib/lib/CMakeLists.txt */ = {isa = PBXFileReference; explicitFileType = sourcecode.text; fileEncoding = 4; name = CMakeLists.txt; path = lib/CMakeLists.txt; sourceTree = SOURCE_ROOT; };
		90CD1BAFCF204D0DB8C32B68 /* /Users/antoniolig/Developer/c++/native_mobile_lib/sample/CMakeLists.txt */ = {isa = PBXFileReference; explicitFileType = sourcecode.text; fileEncoding = 4; name = CMakeLists.txt; path = sample/CMakeLists.txt; sourceTree = SOURCE_ROOT; };
		BF26D6F3A9944FBB9F8A00AD /* /Users/antoniolig/Developer/c++/native_mobile_lib/CMakeLists.txt */ = {isa = PBXFileReference; explicitFileType = sourcecode.text; fileEncoding = 4; name = CMakeLists.txt; path = CMakeLists.txt; sourceTree = SOURCE_ROOT; };
		E31B9AA57E7D42C29D797558 /* /Users/antoniolig/Developer/c++/native_mobile_lib/lib/src/foo.cpp */ = {isa = PBXFileReference; explicitFileType = sourcecode.cpp.cpp; fileEncoding = 4; name = foo.cpp; path = lib/src/foo.cpp; sourceTree = SOURCE_ROOT; };
		E8BA53FCA52C429EB3BA5B28 /* /Users/antoniolig/Developer/c++/native_mobile_lib/sample/main.cpp */ = {isa = PBXFileReference; explicitFileType = sourcecode.cpp.cpp; fileEncoding = 4; name = main.cpp; path = sample/main.cpp; sourceTree = SOURCE_ROOT; };
/* End PBXFileReference section */

/* Begin PBXGroup section */
		115695BFF53B4AE18E2F4F24 /* Source Files */ = {
			isa = PBXGroup;
			children = (
				E31B9AA57E7D42C29D797558 /* /Users/antoniolig/Developer/c++/native_mobile_lib/lib/src/foo.cpp */,
			);
			name = "Source Files";
			sourceTree = "<group>";
		};
		3D94C4ABCD65477B87549AE2 /* ALL_BUILD */ = {
			isa = PBXGroup;
			children = (
				86A1DA4602484BD4B94FE5A4 /* CMake Rules */,
				BF26D6F3A9944FBB9F8A00AD /* /Users/antoniolig/Developer/c++/native_mobile_lib/CMakeLists.txt */,
			);
			name = ALL_BUILD;
			sourceTree = "<group>";
		};
		6D2646658EEF4515A45E7FE0 = {
			isa = PBXGroup;
			children = (
				3D94C4ABCD65477B87549AE2 /* ALL_BUILD */,
				8109FDF83148411288006362 /* lib */,
				737D64D7A14947F08A678CD7 /* sample */,
				CD63824287C14550970EBEDF /* Products */,
			);
			sourceTree = "<group>";
		};
		737D64D7A14947F08A678CD7 /* sample */ = {
			isa = PBXGroup;
			children = (
				91460E602DCC4535B1515E98 /* Source Files */,
				90CD1BAFCF204D0DB8C32B68 /* /Users/antoniolig/Developer/c++/native_mobile_lib/sample/CMakeLists.txt */,
			);
			name = sample;
			sourceTree = "<group>";
		};
		8109FDF83148411288006362 /* lib */ = {
			isa = PBXGroup;
			children = (
				115695BFF53B4AE18E2F4F24 /* Source Files */,
				C61502A741334CC6B801AF9B /* Header Files */,
				7B5632E405754E8C8DE8FC40 /* /Users/antoniolig/Developer/c++/native_mobile_lib/lib/CMakeLists.txt */,
			);
			name = lib;
			sourceTree = "<group>";
		};
		86A1DA4602484BD4B94FE5A4 /* CMake Rules */ = {
			isa = PBXGroup;
			children = (
			);
			name = "CMake Rules";
			sourceTree = "<group>";
		};
		91460E602DCC4535B1515E98 /* Source Files */ = {
			isa = PBXGroup;
			children = (
				E8BA53FCA52C429EB3BA5B28 /* /Users/antoniolig/Developer/c++/native_mobile_lib/sample/main.cpp */,
			);
			name = "Source Files";
			sourceTree = "<group>";
		};
		C61502A741334CC6B801AF9B /* Header Files */ = {
			isa = PBXGroup;
			children = (
				3FB8A40325A84A26894CBF26 /* /Users/antoniolig/Developer/c++/native_mobile_lib/lib/include/foo.hpp */,
			);
			name = "Header Files";
			sourceTree = "<group>";
		};
		CD63824287C14550970EBEDF /* Products */ = {
			isa = PBXGroup;
			children = (
				4BE87F0897804BCFB2809836 /* lib */,
				1BAF58EB71A142F7AAB1DD4B /* sample */,
			);
			name = Products;
			sourceTree = "<group>";
		};
/* End PBXGroup section */

/* Begin PBXNativeTarget section */
		BE6C6BA323AF44F3B8646C88 /* lib */ = {
			isa = PBXNativeTarget;
			buildConfigurationList = F70C9677875841ACB02DC703 /* Build configuration list for PBXNativeTarget "lib" */;
			buildPhases = (
				B28285497E894818835C4B2B /* Sources */,
			);
			buildRules = (
			);
			dependencies = (
			);
			name = lib;
			productName = lib;
			productReference = 4BE87F0897804BCFB2809836 /* lib */;
			productType = "com.apple.product-type.library.static";
		};
		C563ED5DC4D446F2B8C563F4 /* sample */ = {
			isa = PBXNativeTarget;
			buildConfigurationList = 1B737A2CEEC344A78F4240AC /* Build configuration list for PBXNativeTarget "sample" */;
			buildPhases = (
				5D2E18FC6D0F4E7F9FC3EAD0 /* Sources */,
			);
			buildRules = (
			);
			dependencies = (
				24C0DC1D91384371B1CD0328 /* PBXTargetDependency */,
			);
			name = sample;
			productName = sample;
			productReference = 1BAF58EB71A142F7AAB1DD4B /* sample */;
			productType = "com.apple.product-type.tool";
		};
/* End PBXNativeTarget section */

/* Begin PBXProject section */
		8E0B0ABC146844179A19D648 /* Project object */ = {
			isa = PBXProject;
			attributes = {
				BuildIndependentTargetsInParallel = YES;
				LastUpgradeCheck = 1010;
			};
			buildConfigurationList = B8350B9E66C64B7DACD0795A /* Build configuration list for PBXProject "native_mobile_lib_sample" */;
			buildSettings = {
			};
			buildStyles = (
				50AD8FADB6384C5684BFD5A5 /* Debug */,
				831D0BA832EA4FAAA058B109 /* Release */,
				944006F9BD5D4B80AFCD2B78 /* MinSizeRel */,
				29B3D67BDFFA453A9BC535D7 /* RelWithDebInfo */,
			);
			compatibilityVersion = "Xcode 3.2";
			hasScannedForEncodings = 0;
			mainGroup = 6D2646658EEF4515A45E7FE0;
			projectDirPath = ../;
			projectRoot = "";
			targets = (
				7C987CD33259433ABC4B96D0 /* ALL_BUILD */,
				2D14D44337CB4362AECDCC80 /* ZERO_CHECK */,
				BE6C6BA323AF44F3B8646C88 /* lib */,
				C563ED5DC4D446F2B8C563F4 /* sample */,
			);
		};
/* End PBXProject section */

/* Begin PBXShellScriptBuildPhase section */
		6D887EC835984B129E5933BD = {
			isa = PBXShellScriptBuildPhase;
			buildActionMask = 2147483647;
			files = (
			);
			inputPaths = (
			);
			outputPaths = (
			);
			runOnlyForDeploymentPostprocessing = 0;
			shellPath = /bin/sh;
			shellScript = "# shell script goes here
exit 0";
			showEnvVarsInLog = 0;
		};
		A4F8C309501A415CA73676C2 /* CMake Rules */ = {
			isa = PBXShellScriptBuildPhase;
			buildActionMask = 2147483647;
			files = (
			);
			name = "CMake Rules";
			runOnlyForDeploymentPostprocessing = 0;
			shellPath = /bin/sh;
			shellScript = "make -C /Users/antoniolig/Developer/c++/native_mobile_lib/xcode_build -f /Users/antoniolig/Developer/c++/native_mobile_lib/xcode_build/CMakeScripts/ALL_BUILD_cmakeRulesBuildPhase.make$CONFIGURATION OBJDIR=$(basename \"$OBJECT_FILE_DIR_normal\") all";
			showEnvVarsInLog = 0;
		};
		C96CA82A249341F082FFD58B /* CMake Rules */ = {
			isa = PBXShellScriptBuildPhase;
			buildActionMask = 2147483647;
			files = (
			);
			name = "CMake Rules";
			runOnlyForDeploymentPostprocessing = 0;
			shellPath = /bin/sh;
			shellScript = "make -C /Users/antoniolig/Developer/c++/native_mobile_lib/xcode_build -f /Users/antoniolig/Developer/c++/native_mobile_lib/xcode_build/CMakeScripts/ZERO_CHECK_cmakeRulesBuildPhase.make$CONFIGURATION OBJDIR=$(basename \"$OBJECT_FILE_DIR_normal\") all";
			showEnvVarsInLog = 0;
		};
		CC42643758634A078D5D59D7 = {
			isa = PBXShellScriptBuildPhase;
			buildActionMask = 2147483647;
			files = (
			);
			inputPaths = (
			);
			outputPaths = (
			);
			runOnlyForDeploymentPostprocessing = 0;
			shellPath = /bin/sh;
			shellScript = "# shell script goes here
exit 0";
			showEnvVarsInLog = 0;
		};
/* End PBXShellScriptBuildPhase section */

/* Begin PBXSourcesBuildPhase section */
		5D2E18FC6D0F4E7F9FC3EAD0 /* Sources */ = {
			isa = PBXSourcesBuildPhase;
			buildActionMask = 2147483647;
			files = (
				BBCCE4B01A714EEFB160A931 /* /Users/antoniolig/Developer/c++/native_mobile_lib/sample/main.cpp */,
			);
			runOnlyForDeploymentPostprocessing = 0;
		};
		B28285497E894818835C4B2B /* Sources */ = {
			isa = PBXSourcesBuildPhase;
			buildActionMask = 2147483647;
			files = (
				E35BFECE77D745CEB7C0A614 /* /Users/antoniolig/Developer/c++/native_mobile_lib/lib/src/foo.cpp */,
			);
			runOnlyForDeploymentPostprocessing = 0;
		};
/* End PBXSourcesBuildPhase section */

/* Begin PBXTargetDependency section */
		24C0DC1D91384371B1CD0328 /* PBXTargetDependency */ = {
			isa = PBXTargetDependency;
			target = BE6C6BA323AF44F3B8646C88 /* lib */;
			targetProxy = 147D4D0104AF4F2F83703BD5 /* PBXContainerItemProxy */;
		};
		64C2515354E547569C1A51FD /* PBXTargetDependency */ = {
			isa = PBXTargetDependency;
			target = C563ED5DC4D446F2B8C563F4 /* sample */;
			targetProxy = A97A7201BFD149D287BCEA73 /* PBXContainerItemProxy */;
		};
		C36059CA288344AE99FAD3B9 /* PBXTargetDependency */ = {
			isa = PBXTargetDependency;
			target = 2D14D44337CB4362AECDCC80 /* ZERO_CHECK */;
			targetProxy = 4154693F9DF54EF5B6EDC9C2 /* PBXContainerItemProxy */;
		};
		DDE124DE58FA463CB24FE658 /* PBXTargetDependency */ = {
			isa = PBXTargetDependency;
			target = BE6C6BA323AF44F3B8646C88 /* lib */;
			targetProxy = 30BBEC7564A0434A82E060D0 /* PBXContainerItemProxy */;
		};
/* End PBXTargetDependency section */

/* Begin XCBuildConfiguration section */
		0B503C33CB524C9DA52AEEF7 /* MinSizeRel */ = {
			isa = XCBuildConfiguration;
			buildSettings = {
				COMBINE_HIDPI_IMAGES = YES;
				GCC_GENERATE_DEBUGGING_SYMBOLS = YES;
				GCC_INLINES_ARE_PRIVATE_EXTERN = NO;
				GCC_OPTIMIZATION_LEVEL = 0;
				GCC_PREPROCESSOR_DEFINITIONS = ("'CMAKE_INTDIR=\"$(CONFIGURATION)$(EFFECTIVE_PLATFORM_NAME)\"'");
				GCC_SYMBOLS_PRIVATE_EXTERN = NO;
				INSTALL_PATH = "";
				OTHER_LDFLAGS = " ";
				OTHER_REZFLAGS = "";
				PRODUCT_NAME = ALL_BUILD;
				SECTORDER_FLAGS = "";
				SYMROOT = "/Users/antoniolig/Developer/c++/native_mobile_lib/xcode_build";
				USE_HEADERMAP = NO;
				WARNING_CFLAGS = ("-Wmost","-Wno-four-char-constants","-Wno-unknown-pragmas","$(inherited)");
			};
			name = MinSizeRel;
		};
		2D16AF4D40C84C6A95C07241 /* MinSizeRel */ = {
			isa = XCBuildConfiguration;
			buildSettings = {
				ONLY_ACTIVE_ARCH = YES;
				SDKROOT = /Applications/Xcode.app/Contents/Developer/Platforms/MacOSX.platform/Developer/SDKs/MacOSX10.14.sdk;
				SYMROOT = "/Users/antoniolig/Developer/c++/native_mobile_lib/xcode_build/build";
			};
			name = MinSizeRel;
		};
		34CFA9C8900C405A805B8E12 /* Debug */ = {
			isa = XCBuildConfiguration;
			buildSettings = {
				ONLY_ACTIVE_ARCH = YES;
				SDKROOT = /Applications/Xcode.app/Contents/Developer/Platforms/MacOSX.platform/Developer/SDKs/MacOSX10.14.sdk;
				SYMROOT = "/Users/antoniolig/Developer/c++/native_mobile_lib/xcode_build/build";
			};
			name = Debug;
		};
		3DA150C22E864153B023FC95 /* Debug */ = {
			isa = XCBuildConfiguration;
			buildSettings = {
				COMBINE_HIDPI_IMAGES = YES;
				GCC_GENERATE_DEBUGGING_SYMBOLS = YES;
				GCC_INLINES_ARE_PRIVATE_EXTERN = NO;
				GCC_OPTIMIZATION_LEVEL = 0;
				GCC_PREPROCESSOR_DEFINITIONS = ("'CMAKE_INTDIR=\"$(CONFIGURATION)$(EFFECTIVE_PLATFORM_NAME)\"'");
				GCC_SYMBOLS_PRIVATE_EXTERN = NO;
				INSTALL_PATH = "";
				OTHER_LDFLAGS = " ";
				OTHER_REZFLAGS = "";
				PRODUCT_NAME = ZERO_CHECK;
				SECTORDER_FLAGS = "";
				SYMROOT = "/Users/antoniolig/Developer/c++/native_mobile_lib/xcode_build";
				USE_HEADERMAP = NO;
				WARNING_CFLAGS = ("-Wmost","-Wno-four-char-constants","-Wno-unknown-pragmas","$(inherited)");
			};
			name = Debug;
		};
		48C709A33896421AA7243B7D /* Release */ = {
			isa = XCBuildConfiguration;
			buildSettings = {
				COMBINE_HIDPI_IMAGES = YES;
				EXECUTABLE_PREFIX = lib;
				EXECUTABLE_SUFFIX = .a;
				GCC_GENERATE_DEBUGGING_SYMBOLS = NO;
				GCC_INLINES_ARE_PRIVATE_EXTERN = NO;
				GCC_OPTIMIZATION_LEVEL = 3;
				GCC_PREPROCESSOR_DEFINITIONS = ("'CMAKE_INTDIR=\"$(CONFIGURATION)$(EFFECTIVE_PLATFORM_NAME)\"'");
				GCC_SYMBOLS_PRIVATE_EXTERN = NO;
				HEADER_SEARCH_PATHS = ("/Users/antoniolig/Developer/c++/native_mobile_lib/lib/include");
				INSTALL_PATH = "";
				LIBRARY_STYLE = STATIC;
				OTHER_CPLUSPLUSFLAGS = "    -DNDEBUG '-std=gnu++1z'  ";
				OTHER_LIBTOOLFLAGS = " ";
				OTHER_REZFLAGS = "";
				PRODUCT_NAME = lib;
				SECTORDER_FLAGS = "";
				SYMROOT = "/Users/antoniolig/Developer/c++/native_mobile_lib/xcode_build/lib";
				USE_HEADERMAP = NO;
				WARNING_CFLAGS = ("-Wmost","-Wno-four-char-constants","-Wno-unknown-pragmas","$(inherited)");
			};
			name = Release;
		};
		5217C542D8014F8B95809AD9 /* Release */ = {
			isa = XCBuildConfiguration;
			buildSettings = {
				COMBINE_HIDPI_IMAGES = YES;
				EXECUTABLE_PREFIX = "";
				EXECUTABLE_SUFFIX = "";
				GCC_GENERATE_DEBUGGING_SYMBOLS = NO;
				GCC_INLINES_ARE_PRIVATE_EXTERN = NO;
				GCC_OPTIMIZATION_LEVEL = 3;
				GCC_PREPROCESSOR_DEFINITIONS = ("'CMAKE_INTDIR=\"$(CONFIGURATION)$(EFFECTIVE_PLATFORM_NAME)\"'");
				GCC_SYMBOLS_PRIVATE_EXTERN = NO;
				HEADER_SEARCH_PATHS = ("/Users/antoniolig/Developer/c++/native_mobile_lib/lib/include");
				INSTALL_PATH = "";
				LIBRARY_SEARCH_PATHS = "";
				OTHER_CPLUSPLUSFLAGS = "    -DNDEBUG '-std=gnu++1z'  ";
				OTHER_LDFLAGS = " -Wl,-search_paths_first -Wl,-headerpad_max_install_names  /Users/antoniolig/Developer/c++/native_mobile_lib/xcode_build/lib/Release/liblib.a";
				OTHER_REZFLAGS = "";
				PRODUCT_NAME = sample;
				SECTORDER_FLAGS = "";
				SYMROOT = "/Users/antoniolig/Developer/c++/native_mobile_lib/xcode_build/sample";
				USE_HEADERMAP = NO;
				WARNING_CFLAGS = ("-Wmost","-Wno-four-char-constants","-Wno-unknown-pragmas","$(inherited)");
			};
			name = Release;
		};
		6399192699D1490E93A7C026 /* RelWithDebInfo */ = {
			isa = XCBuildConfiguration;
			buildSettings = {
				COMBINE_HIDPI_IMAGES = YES;
				GCC_GENERATE_DEBUGGING_SYMBOLS = YES;
				GCC_INLINES_ARE_PRIVATE_EXTERN = NO;
				GCC_OPTIMIZATION_LEVEL = 0;
				GCC_PREPROCESSOR_DEFINITIONS = ("'CMAKE_INTDIR=\"$(CONFIGURATION)$(EFFECTIVE_PLATFORM_NAME)\"'");
				GCC_SYMBOLS_PRIVATE_EXTERN = NO;
				INSTALL_PATH = "";
				OTHER_LDFLAGS = " ";
				OTHER_REZFLAGS = "";
				PRODUCT_NAME = ALL_BUILD;
				SECTORDER_FLAGS = "";
				SYMROOT = "/Users/antoniolig/Developer/c++/native_mobile_lib/xcode_build";
				USE_HEADERMAP = NO;
				WARNING_CFLAGS = ("-Wmost","-Wno-four-char-constants","-Wno-unknown-pragmas","$(inherited)");
			};
			name = RelWithDebInfo;
		};
		749C475FF4EA4B76A2BD5211 /* Debug */ = {
			isa = XCBuildConfiguration;
			buildSettings = {
				COMBINE_HIDPI_IMAGES = YES;
				GCC_GENERATE_DEBUGGING_SYMBOLS = YES;
				GCC_INLINES_ARE_PRIVATE_EXTERN = NO;
				GCC_OPTIMIZATION_LEVEL = 0;
				GCC_PREPROCESSOR_DEFINITIONS = ("'CMAKE_INTDIR=\"$(CONFIGURATION)$(EFFECTIVE_PLATFORM_NAME)\"'");
				GCC_SYMBOLS_PRIVATE_EXTERN = NO;
				INSTALL_PATH = "";
				OTHER_LDFLAGS = " ";
				OTHER_REZFLAGS = "";
				PRODUCT_NAME = ALL_BUILD;
				SECTORDER_FLAGS = "";
				SYMROOT = "/Users/antoniolig/Developer/c++/native_mobile_lib/xcode_build";
				USE_HEADERMAP = NO;
				WARNING_CFLAGS = ("-Wmost","-Wno-four-char-constants","-Wno-unknown-pragmas","$(inherited)");
			};
			name = Debug;
		};
		821A4672DC514B248287D0E8 /* RelWithDebInfo */ = {
			isa = XCBuildConfiguration;
			buildSettings = {
				COMBINE_HIDPI_IMAGES = YES;
				GCC_GENERATE_DEBUGGING_SYMBOLS = YES;
				GCC_INLINES_ARE_PRIVATE_EXTERN = NO;
				GCC_OPTIMIZATION_LEVEL = 0;
				GCC_PREPROCESSOR_DEFINITIONS = ("'CMAKE_INTDIR=\"$(CONFIGURATION)$(EFFECTIVE_PLATFORM_NAME)\"'");
				GCC_SYMBOLS_PRIVATE_EXTERN = NO;
				INSTALL_PATH = "";
				OTHER_LDFLAGS = " ";
				OTHER_REZFLAGS = "";
				PRODUCT_NAME = ZERO_CHECK;
				SECTORDER_FLAGS = "";
				SYMROOT = "/Users/antoniolig/Developer/c++/native_mobile_lib/xcode_build";
				USE_HEADERMAP = NO;
				WARNING_CFLAGS = ("-Wmost","-Wno-four-char-constants","-Wno-unknown-pragmas","$(inherited)");
			};
			name = RelWithDebInfo;
		};
		83DB783E66724F2681A12D8C /* RelWithDebInfo */ = {
			isa = XCBuildConfiguration;
			buildSettings = {
				ONLY_ACTIVE_ARCH = YES;
				SDKROOT = /Applications/Xcode.app/Contents/Developer/Platforms/MacOSX.platform/Developer/SDKs/MacOSX10.14.sdk;
				SYMROOT = "/Users/antoniolig/Developer/c++/native_mobile_lib/xcode_build/build";
			};
			name = RelWithDebInfo;
		};
		8B2DD659A8BF4433AB3C80CF /* Release */ = {
			isa = XCBuildConfiguration;
			buildSettings = {
				COMBINE_HIDPI_IMAGES = YES;
				GCC_GENERATE_DEBUGGING_SYMBOLS = YES;
				GCC_INLINES_ARE_PRIVATE_EXTERN = NO;
				GCC_OPTIMIZATION_LEVEL = 0;
				GCC_PREPROCESSOR_DEFINITIONS = ("'CMAKE_INTDIR=\"$(CONFIGURATION)$(EFFECTIVE_PLATFORM_NAME)\"'");
				GCC_SYMBOLS_PRIVATE_EXTERN = NO;
				INSTALL_PATH = "";
				OTHER_LDFLAGS = " ";
				OTHER_REZFLAGS = "";
				PRODUCT_NAME = ZERO_CHECK;
				SECTORDER_FLAGS = "";
				SYMROOT = "/Users/antoniolig/Developer/c++/native_mobile_lib/xcode_build";
				USE_HEADERMAP = NO;
				WARNING_CFLAGS = ("-Wmost","-Wno-four-char-constants","-Wno-unknown-pragmas","$(inherited)");
			};
			name = Release;
		};
		8EFB40659E3E4124BBB02DAA /* Debug */ = {
			isa = XCBuildConfiguration;
			buildSettings = {
				COMBINE_HIDPI_IMAGES = YES;
				EXECUTABLE_PREFIX = lib;
				EXECUTABLE_SUFFIX = .a;
				GCC_GENERATE_DEBUGGING_SYMBOLS = YES;
				GCC_INLINES_ARE_PRIVATE_EXTERN = NO;
				GCC_OPTIMIZATION_LEVEL = 0;
				GCC_PREPROCESSOR_DEFINITIONS = ("'CMAKE_INTDIR=\"$(CONFIGURATION)$(EFFECTIVE_PLATFORM_NAME)\"'");
				GCC_SYMBOLS_PRIVATE_EXTERN = NO;
				HEADER_SEARCH_PATHS = ("/Users/antoniolig/Developer/c++/native_mobile_lib/lib/include");
				INSTALL_PATH = "";
				LIBRARY_STYLE = STATIC;
				OTHER_CPLUSPLUSFLAGS = "   '-std=gnu++1z'  ";
				OTHER_LIBTOOLFLAGS = " ";
				OTHER_REZFLAGS = "";
				PRODUCT_NAME = lib;
				SECTORDER_FLAGS = "";
				SYMROOT = "/Users/antoniolig/Developer/c++/native_mobile_lib/xcode_build/lib";
				USE_HEADERMAP = NO;
				WARNING_CFLAGS = ("-Wmost","-Wno-four-char-constants","-Wno-unknown-pragmas","$(inherited)");
			};
			name = Debug;
		};
		978349A760D142BF9FF39AE5 /* Release */ = {
			isa = XCBuildConfiguration;
			buildSettings = {
				ONLY_ACTIVE_ARCH = YES;
				SDKROOT = /Applications/Xcode.app/Contents/Developer/Platforms/MacOSX.platform/Developer/SDKs/MacOSX10.14.sdk;
				SYMROOT = "/Users/antoniolig/Developer/c++/native_mobile_lib/xcode_build/build";
			};
			name = Release;
		};
		999D8DF3A20147138F40D08B /* RelWithDebInfo */ = {
			isa = XCBuildConfiguration;
			buildSettings = {
				COMBINE_HIDPI_IMAGES = YES;
				EXECUTABLE_PREFIX = lib;
				EXECUTABLE_SUFFIX = .a;
				GCC_GENERATE_DEBUGGING_SYMBOLS = YES;
				GCC_INLINES_ARE_PRIVATE_EXTERN = NO;
				GCC_OPTIMIZATION_LEVEL = 2;
				GCC_PREPROCESSOR_DEFINITIONS = ("'CMAKE_INTDIR=\"$(CONFIGURATION)$(EFFECTIVE_PLATFORM_NAME)\"'");
				GCC_SYMBOLS_PRIVATE_EXTERN = NO;
				HEADER_SEARCH_PATHS = ("/Users/antoniolig/Developer/c++/native_mobile_lib/lib/include");
				INSTALL_PATH = "";
				LIBRARY_STYLE = STATIC;
				OTHER_CPLUSPLUSFLAGS = "       -DNDEBUG '-std=gnu++1z'  ";
				OTHER_LIBTOOLFLAGS = " ";
				OTHER_REZFLAGS = "";
				PRODUCT_NAME = lib;
				SECTORDER_FLAGS = "";
				SYMROOT = "/Users/antoniolig/Developer/c++/native_mobile_lib/xcode_build/lib";
				USE_HEADERMAP = NO;
				WARNING_CFLAGS = ("-Wmost","-Wno-four-char-constants","-Wno-unknown-pragmas","$(inherited)");
			};
			name = RelWithDebInfo;
		};
		B247E1D9C7344A4BA5D393B6 /* MinSizeRel */ = {
			isa = XCBuildConfiguration;
			buildSettings = {
				COMBINE_HIDPI_IMAGES = YES;
				EXECUTABLE_PREFIX = "";
				EXECUTABLE_SUFFIX = "";
				GCC_GENERATE_DEBUGGING_SYMBOLS = NO;
				GCC_INLINES_ARE_PRIVATE_EXTERN = NO;
				GCC_OPTIMIZATION_LEVEL = s;
				GCC_PREPROCESSOR_DEFINITIONS = ("'CMAKE_INTDIR=\"$(CONFIGURATION)$(EFFECTIVE_PLATFORM_NAME)\"'");
				GCC_SYMBOLS_PRIVATE_EXTERN = NO;
				HEADER_SEARCH_PATHS = ("/Users/antoniolig/Developer/c++/native_mobile_lib/lib/include");
				INSTALL_PATH = "";
				LIBRARY_SEARCH_PATHS = "";
				OTHER_CPLUSPLUSFLAGS = "    -DNDEBUG '-std=gnu++1z'  ";
				OTHER_LDFLAGS = " -Wl,-search_paths_first -Wl,-headerpad_max_install_names  /Users/antoniolig/Developer/c++/native_mobile_lib/xcode_build/lib/MinSizeRel/liblib.a";
				OTHER_REZFLAGS = "";
				PRODUCT_NAME = sample;
				SECTORDER_FLAGS = "";
				SYMROOT = "/Users/antoniolig/Developer/c++/native_mobile_lib/xcode_build/sample";
				USE_HEADERMAP = NO;
				WARNING_CFLAGS = ("-Wmost","-Wno-four-char-constants","-Wno-unknown-pragmas","$(inherited)");
			};
			name = MinSizeRel;
		};
		B632206515B942A99935EE96 /* Debug */ = {
			isa = XCBuildConfiguration;
			buildSettings = {
				COMBINE_HIDPI_IMAGES = YES;
				EXECUTABLE_PREFIX = "";
				EXECUTABLE_SUFFIX = "";
				GCC_GENERATE_DEBUGGING_SYMBOLS = YES;
				GCC_INLINES_ARE_PRIVATE_EXTERN = NO;
				GCC_OPTIMIZATION_LEVEL = 0;
				GCC_PREPROCESSOR_DEFINITIONS = ("'CMAKE_INTDIR=\"$(CONFIGURATION)$(EFFECTIVE_PLATFORM_NAME)\"'");
				GCC_SYMBOLS_PRIVATE_EXTERN = NO;
				HEADER_SEARCH_PATHS = ("/Users/antoniolig/Developer/c++/native_mobile_lib/lib/include");
				INSTALL_PATH = "";
				LIBRARY_SEARCH_PATHS = "";
				OTHER_CPLUSPLUSFLAGS = "   '-std=gnu++1z'  ";
				OTHER_LDFLAGS = " -Wl,-search_paths_first -Wl,-headerpad_max_install_names  /Users/antoniolig/Developer/c++/native_mobile_lib/xcode_build/lib/Debug/liblib.a";
				OTHER_REZFLAGS = "";
				PRODUCT_NAME = sample;
				SECTORDER_FLAGS = "";
				SYMROOT = "/Users/antoniolig/Developer/c++/native_mobile_lib/xcode_build/sample";
				USE_HEADERMAP = NO;
				WARNING_CFLAGS = ("-Wmost","-Wno-four-char-constants","-Wno-unknown-pragmas","$(inherited)");
			};
			name = Debug;
		};
		D1BDB0524DE64D3087C236F0 /* MinSizeRel */ = {
			isa = XCBuildConfiguration;
			buildSettings = {
				COMBINE_HIDPI_IMAGES = YES;
				GCC_GENERATE_DEBUGGING_SYMBOLS = YES;
				GCC_INLINES_ARE_PRIVATE_EXTERN = NO;
				GCC_OPTIMIZATION_LEVEL = 0;
				GCC_PREPROCESSOR_DEFINITIONS = ("'CMAKE_INTDIR=\"$(CONFIGURATION)$(EFFECTIVE_PLATFORM_NAME)\"'");
				GCC_SYMBOLS_PRIVATE_EXTERN = NO;
				INSTALL_PATH = "";
				OTHER_LDFLAGS = " ";
				OTHER_REZFLAGS = "";
				PRODUCT_NAME = ZERO_CHECK;
				SECTORDER_FLAGS = "";
				SYMROOT = "/Users/antoniolig/Developer/c++/native_mobile_lib/xcode_build";
				USE_HEADERMAP = NO;
				WARNING_CFLAGS = ("-Wmost","-Wno-four-char-constants","-Wno-unknown-pragmas","$(inherited)");
			};
			name = MinSizeRel;
		};
		F9618B6E155B470B9B245B73 /* Release */ = {
			isa = XCBuildConfiguration;
			buildSettings = {
				COMBINE_HIDPI_IMAGES = YES;
				GCC_GENERATE_DEBUGGING_SYMBOLS = YES;
				GCC_INLINES_ARE_PRIVATE_EXTERN = NO;
				GCC_OPTIMIZATION_LEVEL = 0;
				GCC_PREPROCESSOR_DEFINITIONS = ("'CMAKE_INTDIR=\"$(CONFIGURATION)$(EFFECTIVE_PLATFORM_NAME)\"'");
				GCC_SYMBOLS_PRIVATE_EXTERN = NO;
				INSTALL_PATH = "";
				OTHER_LDFLAGS = " ";
				OTHER_REZFLAGS = "";
				PRODUCT_NAME = ALL_BUILD;
				SECTORDER_FLAGS = "";
				SYMROOT = "/Users/antoniolig/Developer/c++/native_mobile_lib/xcode_build";
				USE_HEADERMAP = NO;
				WARNING_CFLAGS = ("-Wmost","-Wno-four-char-constants","-Wno-unknown-pragmas","$(inherited)");
			};
			name = Release;
		};
		FE4C7A94610E419D92FF8212 /* RelWithDebInfo */ = {
			isa = XCBuildConfiguration;
			buildSettings = {
				COMBINE_HIDPI_IMAGES = YES;
				EXECUTABLE_PREFIX = "";
				EXECUTABLE_SUFFIX = "";
				GCC_GENERATE_DEBUGGING_SYMBOLS = YES;
				GCC_INLINES_ARE_PRIVATE_EXTERN = NO;
				GCC_OPTIMIZATION_LEVEL = 2;
				GCC_PREPROCESSOR_DEFINITIONS = ("'CMAKE_INTDIR=\"$(CONFIGURATION)$(EFFECTIVE_PLATFORM_NAME)\"'");
				GCC_SYMBOLS_PRIVATE_EXTERN = NO;
				HEADER_SEARCH_PATHS = ("/Users/antoniolig/Developer/c++/native_mobile_lib/lib/include");
				INSTALL_PATH = "";
				LIBRARY_SEARCH_PATHS = "";
				OTHER_CPLUSPLUSFLAGS = "       -DNDEBUG '-std=gnu++1z'  ";
				OTHER_LDFLAGS = " -Wl,-search_paths_first -Wl,-headerpad_max_install_names  /Users/antoniolig/Developer/c++/native_mobile_lib/xcode_build/lib/RelWithDebInfo/liblib.a";
				OTHER_REZFLAGS = "";
				PRODUCT_NAME = sample;
				SECTORDER_FLAGS = "";
				SYMROOT = "/Users/antoniolig/Developer/c++/native_mobile_lib/xcode_build/sample";
				USE_HEADERMAP = NO;
				WARNING_CFLAGS = ("-Wmost","-Wno-four-char-constants","-Wno-unknown-pragmas","$(inherited)");
			};
			name = RelWithDebInfo;
		};
		FEA07CFB3F3E4373B5EFF8E4 /* MinSizeRel */ = {
			isa = XCBuildConfiguration;
			buildSettings = {
				COMBINE_HIDPI_IMAGES = YES;
				EXECUTABLE_PREFIX = lib;
				EXECUTABLE_SUFFIX = .a;
				GCC_GENERATE_DEBUGGING_SYMBOLS = NO;
				GCC_INLINES_ARE_PRIVATE_EXTERN = NO;
				GCC_OPTIMIZATION_LEVEL = s;
				GCC_PREPROCESSOR_DEFINITIONS = ("'CMAKE_INTDIR=\"$(CONFIGURATION)$(EFFECTIVE_PLATFORM_NAME)\"'");
				GCC_SYMBOLS_PRIVATE_EXTERN = NO;
				HEADER_SEARCH_PATHS = ("/Users/antoniolig/Developer/c++/native_mobile_lib/lib/include");
				INSTALL_PATH = "";
				LIBRARY_STYLE = STATIC;
				OTHER_CPLUSPLUSFLAGS = "    -DNDEBUG '-std=gnu++1z'  ";
				OTHER_LIBTOOLFLAGS = " ";
				OTHER_REZFLAGS = "";
				PRODUCT_NAME = lib;
				SECTORDER_FLAGS = "";
				SYMROOT = "/Users/antoniolig/Developer/c++/native_mobile_lib/xcode_build/lib";
				USE_HEADERMAP = NO;
				WARNING_CFLAGS = ("-Wmost","-Wno-four-char-constants","-Wno-unknown-pragmas","$(inherited)");
			};
			name = MinSizeRel;
		};
/* End XCBuildConfiguration section */

/* Begin XCConfigurationList section */
		1B737A2CEEC344A78F4240AC /* Build configuration list for PBXNativeTarget "sample" */ = {
			isa = XCConfigurationList;
			buildConfigurations = (
				B632206515B942A99935EE96 /* Debug */,
				5217C542D8014F8B95809AD9 /* Release */,
				B247E1D9C7344A4BA5D393B6 /* MinSizeRel */,
				FE4C7A94610E419D92FF8212 /* RelWithDebInfo */,
			);
			defaultConfigurationIsVisible = 0;
			defaultConfigurationName = Debug;
		};
		308B04931EA14C27A74A086C /* Build configuration list for PBXAggregateTarget "ZERO_CHECK" */ = {
			isa = XCConfigurationList;
			buildConfigurations = (
				3DA150C22E864153B023FC95 /* Debug */,
				8B2DD659A8BF4433AB3C80CF /* Release */,
				D1BDB0524DE64D3087C236F0 /* MinSizeRel */,
				821A4672DC514B248287D0E8 /* RelWithDebInfo */,
			);
			defaultConfigurationIsVisible = 0;
			defaultConfigurationName = Debug;
		};
		B8350B9E66C64B7DACD0795A /* Build configuration list for PBXProject "native_mobile_lib_sample" */ = {
			isa = XCConfigurationList;
			buildConfigurations = (
				34CFA9C8900C405A805B8E12 /* Debug */,
				978349A760D142BF9FF39AE5 /* Release */,
				2D16AF4D40C84C6A95C07241 /* MinSizeRel */,
				83DB783E66724F2681A12D8C /* RelWithDebInfo */,
			);
			defaultConfigurationIsVisible = 0;
			defaultConfigurationName = Debug;
		};
		BB081019BAFF4169847BCC30 /* Build configuration list for PBXAggregateTarget "ALL_BUILD" */ = {
			isa = XCConfigurationList;
			buildConfigurations = (
				749C475FF4EA4B76A2BD5211 /* Debug */,
				F9618B6E155B470B9B245B73 /* Release */,
				0B503C33CB524C9DA52AEEF7 /* MinSizeRel */,
				6399192699D1490E93A7C026 /* RelWithDebInfo */,
			);
			defaultConfigurationIsVisible = 0;
			defaultConfigurationName = Debug;
		};
		F70C9677875841ACB02DC703 /* Build configuration list for PBXNativeTarget "lib" */ = {
			isa = XCConfigurationList;
			buildConfigurations = (
				8EFB40659E3E4124BBB02DAA /* Debug */,
				48C709A33896421AA7243B7D /* Release */,
				FEA07CFB3F3E4373B5EFF8E4 /* MinSizeRel */,
				999D8DF3A20147138F40D08B /* RelWithDebInfo */,
			);
			defaultConfigurationIsVisible = 0;
			defaultConfigurationName = Debug;
		};
/* End XCConfigurationList section */
	};
	rootObject = 8E0B0ABC146844179A19D648 /* Project object */;
}
