// !$*UTF8*$!
{
	archiveVersion = 1;
	classes = {
	};
	objectVersion = 46;
	objects = {

/* Begin PBXAggregateTarget section */
		2D14D44337CB4362AECDCC80 /* ZERO_CHECK */ = {
			isa = PBXAggregateTarget;
			buildConfigurationList = 189151A5D6E74240B56892A7 /* Build configuration list for PBXAggregateTarget "ZERO_CHECK" */;
			buildPhases = (
				472CE3E89CA343D1B9D49F85 /* CMake Rules */,
			);
			dependencies = (
			);
			name = ZERO_CHECK;
			productName = ZERO_CHECK;
		};
		7C987CD33259433ABC4B96D0 /* ALL_BUILD */ = {
			isa = PBXAggregateTarget;
			buildConfigurationList = EE8D64CE1D5A4B96AE4E237C /* Build configuration list for PBXAggregateTarget "ALL_BUILD" */;
			buildPhases = (
				A2408D94A5F5499F885F8293 /* CMake Rules */,
			);
			dependencies = (
				25D3BA9357974CBC850ED21B /* PBXTargetDependency */,
				7B06E56F6014416C852326CF /* PBXTargetDependency */,
			);
			name = ALL_BUILD;
			productName = ALL_BUILD;
		};
/* End PBXAggregateTarget section */

/* Begin PBXBuildFile section */
		3653F2C1D2D548EB89157FC7 /* /Users/antoniolig/Developer/c++/native_mobile_lib/sample/main.cpp */ = {isa = PBXBuildFile; fileRef = D7008E586D304682B5F5ACA7 /* /Users/antoniolig/Developer/c++/native_mobile_lib/sample/main.cpp */; };
		79972F76778B47C0A5825347 /* /Users/antoniolig/Developer/c++/native_mobile_lib/sample/CMakeLists.txt */ = {isa = PBXBuildFile; fileRef = 3A62655682FC46EF99A73902 /* /Users/antoniolig/Developer/c++/native_mobile_lib/sample/CMakeLists.txt */; };
/* End PBXBuildFile section */

/* Begin PBXBuildStyle section */
		1320C63B269F47168278B2DE /* RelWithDebInfo */ = {
			isa = PBXBuildStyle;
			buildSettings = {
				COPY_PHASE_STRIP = NO;
			};
			name = RelWithDebInfo;
		};
		62D678D9F9804DC4B7A7AE43 /* Release */ = {
			isa = PBXBuildStyle;
			buildSettings = {
				COPY_PHASE_STRIP = NO;
			};
			name = Release;
		};
		BD695F7F6A3A417AB2462C61 /* MinSizeRel */ = {
			isa = PBXBuildStyle;
			buildSettings = {
				COPY_PHASE_STRIP = NO;
			};
			name = MinSizeRel;
		};
		E4E910A1253249C9B3595AD1 /* Debug */ = {
			isa = PBXBuildStyle;
			buildSettings = {
				COPY_PHASE_STRIP = NO;
			};
			name = Debug;
		};
/* End PBXBuildStyle section */

/* Begin PBXContainerItemProxy section */
		264D7ED33B304639BBC4B334 /* PBXContainerItemProxy */ = {
			isa = PBXContainerItemProxy;
			containerPortal = 656728BBEAD244F391B026F8 /* Project object */;
			proxyType = 1;
			remoteGlobalIDString = 2D14D44337CB4362AECDCC80;
			remoteInfo = ZERO_CHECK;
		};
		793C14037B6F4ACFB4C57F86 /* PBXContainerItemProxy */ = {
			isa = PBXContainerItemProxy;
			containerPortal = 656728BBEAD244F391B026F8 /* Project object */;
			proxyType = 1;
			remoteGlobalIDString = 2D14D44337CB4362AECDCC80;
			remoteInfo = ZERO_CHECK;
		};
		EC93D5763B984688AAE0D7C7 /* PBXContainerItemProxy */ = {
			isa = PBXContainerItemProxy;
			containerPortal = 656728BBEAD244F391B026F8 /* Project object */;
			proxyType = 1;
			remoteGlobalIDString = C563ED5DC4D446F2B8C563F4;
			remoteInfo = sample;
		};
/* End PBXContainerItemProxy section */

/* Begin PBXFileReference section */
		2E8B53ECA73C49298ABC595E /* sample */ = {isa = PBXFileReference; explicitFileType = "compiled.mach-o.executable"; path = sample; sourceTree = BUILT_PRODUCTS_DIR; };
		3A62655682FC46EF99A73902 /* /Users/antoniolig/Developer/c++/native_mobile_lib/sample/CMakeLists.txt */ = {isa = PBXFileReference; explicitFileType = sourcecode.text; fileEncoding = 4; name = CMakeLists.txt; path = CMakeLists.txt; sourceTree = SOURCE_ROOT; };
		D144A2EB2A5548B8B75C2DF4 /* /Users/antoniolig/Developer/c++/native_mobile_lib/sample/CMakeLists.txt */ = {isa = PBXFileReference; explicitFileType = sourcecode.text; fileEncoding = 4; name = CMakeLists.txt; path = CMakeLists.txt; sourceTree = SOURCE_ROOT; };
		D7008E586D304682B5F5ACA7 /* /Users/antoniolig/Developer/c++/native_mobile_lib/sample/main.cpp */ = {isa = PBXFileReference; explicitFileType = sourcecode.cpp.cpp; fileEncoding = 4; name = main.cpp; path = main.cpp; sourceTree = SOURCE_ROOT; };
/* End PBXFileReference section */

/* Begin PBXGroup section */
		1998D90C08C24C65BB7FEB97 /* ALL_BUILD */ = {
			isa = PBXGroup;
			children = (
				36528925134347D3A8C5C65F /* CMake Rules */,
				D144A2EB2A5548B8B75C2DF4 /* /Users/antoniolig/Developer/c++/native_mobile_lib/sample/CMakeLists.txt */,
			);
			name = ALL_BUILD;
			sourceTree = "<group>";
		};
		346A6FCB36E845BE9870C37F /* sample */ = {
			isa = PBXGroup;
			children = (
				5C900ACA9FA64A26BA23BDDD /* Source Files */,
				3A62655682FC46EF99A73902 /* /Users/antoniolig/Developer/c++/native_mobile_lib/sample/CMakeLists.txt */,
			);
			name = sample;
			sourceTree = "<group>";
		};
		36528925134347D3A8C5C65F /* CMake Rules */ = {
			isa = PBXGroup;
			children = (
			);
			name = "CMake Rules";
			sourceTree = "<group>";
		};
		41BF8A697B6C4321BE0CB50B /* Products */ = {
			isa = PBXGroup;
			children = (
				2E8B53ECA73C49298ABC595E /* sample */,
			);
			name = Products;
			sourceTree = "<group>";
		};
		5C900ACA9FA64A26BA23BDDD /* Source Files */ = {
			isa = PBXGroup;
			children = (
				D7008E586D304682B5F5ACA7 /* /Users/antoniolig/Developer/c++/native_mobile_lib/sample/main.cpp */,
			);
			name = "Source Files";
			sourceTree = "<group>";
		};
		C743D6BAC9894BC7998BD3C2 = {
			isa = PBXGroup;
			children = (
				346A6FCB36E845BE9870C37F /* sample */,
				1998D90C08C24C65BB7FEB97 /* ALL_BUILD */,
				41BF8A697B6C4321BE0CB50B /* Products */,
			);
			sourceTree = "<group>";
		};
/* End PBXGroup section */

/* Begin PBXNativeTarget section */
		C563ED5DC4D446F2B8C563F4 /* sample */ = {
			isa = PBXNativeTarget;
			buildConfigurationList = 357758C1A5ED49FE8AB81F1C /* Build configuration list for PBXNativeTarget "sample" */;
			buildPhases = (
				55F53A40F8664EE7AC7C8211 /* Sources */,
			);
			buildRules = (
			);
			dependencies = (
				DD23D3DD2CC146149FC7A209 /* PBXTargetDependency */,
			);
			name = sample;
			productName = sample;
			productReference = 2E8B53ECA73C49298ABC595E /* sample */;
			productType = "com.apple.product-type.tool";
		};
/* End PBXNativeTarget section */

/* Begin PBXProject section */
		656728BBEAD244F391B026F8 /* Project object */ = {
			isa = PBXProject;
			attributes = {
				BuildIndependentTargetsInParallel = YES;
				LastUpgradeCheck = 1010;
			};
			buildConfigurationList = 3F2D0B83F44C41B89F4ED43B /* Build configuration list for PBXProject "sample" */;
			buildSettings = {
			};
			buildStyles = (
				E4E910A1253249C9B3595AD1 /* Debug */,
				62D678D9F9804DC4B7A7AE43 /* Release */,
				BD695F7F6A3A417AB2462C61 /* MinSizeRel */,
				1320C63B269F47168278B2DE /* RelWithDebInfo */,
			);
			compatibilityVersion = "Xcode 3.2";
			hasScannedForEncodings = 0;
			mainGroup = C743D6BAC9894BC7998BD3C2;
			projectDirPath = ../../sample;
			projectRoot = "";
			targets = (
				7C987CD33259433ABC4B96D0 /* ALL_BUILD */,
				2D14D44337CB4362AECDCC80 /* ZERO_CHECK */,
				C563ED5DC4D446F2B8C563F4 /* sample */,
			);
		};
/* End PBXProject section */

/* Begin PBXShellScriptBuildPhase section */
		472CE3E89CA343D1B9D49F85 /* CMake Rules */ = {
			isa = PBXShellScriptBuildPhase;
			buildActionMask = 2147483647;
			files = (
			);
			name = "CMake Rules";
			runOnlyForDeploymentPostprocessing = 0;
			shellPath = /bin/sh;
			shellScript = "make -C /Users/antoniolig/Developer/c++/native_mobile_lib/xcode_build/sample -f /Users/antoniolig/Developer/c++/native_mobile_lib/xcode_build/sample/CMakeScripts/ZERO_CHECK_cmakeRulesBuildPhase.make$CONFIGURATION OBJDIR=$(basename \"$OBJECT_FILE_DIR_normal\") all";
			showEnvVarsInLog = 0;
		};
		52F64E59DCB94E6EBD778526 = {
			isa = PBXShellScriptBuildPhase;
			buildActionMask = 2147483647;
			files = (
			);
			inputPaths = (
			);
			outputPaths = (
			);
			runOnlyForDeploymentPostprocessing = 0;
			shellPath = /bin/sh;
			shellScript = "# shell script goes here
exit 0";
			showEnvVarsInLog = 0;
		};
		A2408D94A5F5499F885F8293 /* CMake Rules */ = {
			isa = PBXShellScriptBuildPhase;
			buildActionMask = 2147483647;
			files = (
			);
			name = "CMake Rules";
			runOnlyForDeploymentPostprocessing = 0;
			shellPath = /bin/sh;
			shellScript = "make -C /Users/antoniolig/Developer/c++/native_mobile_lib/xcode_build/sample -f /Users/antoniolig/Developer/c++/native_mobile_lib/xcode_build/sample/CMakeScripts/ALL_BUILD_cmakeRulesBuildPhase.make$CONFIGURATION OBJDIR=$(basename \"$OBJECT_FILE_DIR_normal\") all";
			showEnvVarsInLog = 0;
		};
		F5C68C64982A44EBAE4C05F1 = {
			isa = PBXShellScriptBuildPhase;
			buildActionMask = 2147483647;
			files = (
			);
			inputPaths = (
			);
			outputPaths = (
			);
			runOnlyForDeploymentPostprocessing = 0;
			shellPath = /bin/sh;
			shellScript = "# shell script goes here
exit 0";
			showEnvVarsInLog = 0;
		};
/* End PBXShellScriptBuildPhase section */

/* Begin PBXSourcesBuildPhase section */
		55F53A40F8664EE7AC7C8211 /* Sources */ = {
			isa = PBXSourcesBuildPhase;
			buildActionMask = 2147483647;
			files = (
				3653F2C1D2D548EB89157FC7 /* /Users/antoniolig/Developer/c++/native_mobile_lib/sample/main.cpp */,
			);
			runOnlyForDeploymentPostprocessing = 0;
		};
/* End PBXSourcesBuildPhase section */

/* Begin PBXTargetDependency section */
		25D3BA9357974CBC850ED21B /* PBXTargetDependency */ = {
			isa = PBXTargetDependency;
			target = 2D14D44337CB4362AECDCC80 /* ZERO_CHECK */;
			targetProxy = 264D7ED33B304639BBC4B334 /* PBXContainerItemProxy */;
		};
		7B06E56F6014416C852326CF /* PBXTargetDependency */ = {
			isa = PBXTargetDependency;
			target = C563ED5DC4D446F2B8C563F4 /* sample */;
			targetProxy = EC93D5763B984688AAE0D7C7 /* PBXContainerItemProxy */;
		};
		DD23D3DD2CC146149FC7A209 /* PBXTargetDependency */ = {
			isa = PBXTargetDependency;
			target = 2D14D44337CB4362AECDCC80 /* ZERO_CHECK */;
			targetProxy = 793C14037B6F4ACFB4C57F86 /* PBXContainerItemProxy */;
		};
/* End PBXTargetDependency section */

/* Begin XCBuildConfiguration section */
		03A43693DF344B79A3F86E46 /* RelWithDebInfo */ = {
			isa = XCBuildConfiguration;
			buildSettings = {
				ONLY_ACTIVE_ARCH = YES;
				SDKROOT = /Applications/Xcode.app/Contents/Developer/Platforms/MacOSX.platform/Developer/SDKs/MacOSX10.14.sdk;
				SYMROOT = "/Users/antoniolig/Developer/c++/native_mobile_lib/xcode_build/sample/build";
			};
			name = RelWithDebInfo;
		};
		06F86918831D467292D3FE23 /* Release */ = {
			isa = XCBuildConfiguration;
			buildSettings = {
				COMBINE_HIDPI_IMAGES = YES;
				GCC_GENERATE_DEBUGGING_SYMBOLS = YES;
				GCC_INLINES_ARE_PRIVATE_EXTERN = NO;
				GCC_OPTIMIZATION_LEVEL = 0;
				GCC_PREPROCESSOR_DEFINITIONS = ("'CMAKE_INTDIR=\"$(CONFIGURATION)$(EFFECTIVE_PLATFORM_NAME)\"'");
				GCC_SYMBOLS_PRIVATE_EXTERN = NO;
				INSTALL_PATH = "";
				OTHER_LDFLAGS = " ";
				OTHER_REZFLAGS = "";
				PRODUCT_NAME = ALL_BUILD;
				SECTORDER_FLAGS = "";
				SYMROOT = "/Users/antoniolig/Developer/c++/native_mobile_lib/xcode_build/sample";
				USE_HEADERMAP = NO;
				WARNING_CFLAGS = ("-Wmost","-Wno-four-char-constants","-Wno-unknown-pragmas","$(inherited)");
			};
			name = Release;
		};
		1A4413A79CEA475F86F3A391 /* MinSizeRel */ = {
			isa = XCBuildConfiguration;
			buildSettings = {
				COMBINE_HIDPI_IMAGES = YES;
				GCC_GENERATE_DEBUGGING_SYMBOLS = YES;
				GCC_INLINES_ARE_PRIVATE_EXTERN = NO;
				GCC_OPTIMIZATION_LEVEL = 0;
				GCC_PREPROCESSOR_DEFINITIONS = ("'CMAKE_INTDIR=\"$(CONFIGURATION)$(EFFECTIVE_PLATFORM_NAME)\"'");
				GCC_SYMBOLS_PRIVATE_EXTERN = NO;
				INSTALL_PATH = "";
				OTHER_LDFLAGS = " ";
				OTHER_REZFLAGS = "";
				PRODUCT_NAME = ZERO_CHECK;
				SECTORDER_FLAGS = "";
				SYMROOT = "/Users/antoniolig/Developer/c++/native_mobile_lib/xcode_build/sample";
				USE_HEADERMAP = NO;
				WARNING_CFLAGS = ("-Wmost","-Wno-four-char-constants","-Wno-unknown-pragmas","$(inherited)");
			};
			name = MinSizeRel;
		};
		27CACA0F94304500A14327F5 /* Debug */ = {
			isa = XCBuildConfiguration;
			buildSettings = {
				ONLY_ACTIVE_ARCH = YES;
				SDKROOT = /Applications/Xcode.app/Contents/Developer/Platforms/MacOSX.platform/Developer/SDKs/MacOSX10.14.sdk;
				SYMROOT = "/Users/antoniolig/Developer/c++/native_mobile_lib/xcode_build/sample/build";
			};
			name = Debug;
		};
		2A38BE2E5F474D1996D02736 /* MinSizeRel */ = {
			isa = XCBuildConfiguration;
			buildSettings = {
				ONLY_ACTIVE_ARCH = YES;
				SDKROOT = /Applications/Xcode.app/Contents/Developer/Platforms/MacOSX.platform/Developer/SDKs/MacOSX10.14.sdk;
				SYMROOT = "/Users/antoniolig/Developer/c++/native_mobile_lib/xcode_build/sample/build";
			};
			name = MinSizeRel;
		};
		460D76DD9FDB4CC38C7FC2CC /* RelWithDebInfo */ = {
			isa = XCBuildConfiguration;
			buildSettings = {
				COMBINE_HIDPI_IMAGES = YES;
				GCC_GENERATE_DEBUGGING_SYMBOLS = YES;
				GCC_INLINES_ARE_PRIVATE_EXTERN = NO;
				GCC_OPTIMIZATION_LEVEL = 0;
				GCC_PREPROCESSOR_DEFINITIONS = ("'CMAKE_INTDIR=\"$(CONFIGURATION)$(EFFECTIVE_PLATFORM_NAME)\"'");
				GCC_SYMBOLS_PRIVATE_EXTERN = NO;
				INSTALL_PATH = "";
				OTHER_LDFLAGS = " ";
				OTHER_REZFLAGS = "";
				PRODUCT_NAME = ZERO_CHECK;
				SECTORDER_FLAGS = "";
				SYMROOT = "/Users/antoniolig/Developer/c++/native_mobile_lib/xcode_build/sample";
				USE_HEADERMAP = NO;
				WARNING_CFLAGS = ("-Wmost","-Wno-four-char-constants","-Wno-unknown-pragmas","$(inherited)");
			};
			name = RelWithDebInfo;
		};
		5FFF6D86B7D4460391B651A2 /* Debug */ = {
			isa = XCBuildConfiguration;
			buildSettings = {
				COMBINE_HIDPI_IMAGES = YES;
				GCC_GENERATE_DEBUGGING_SYMBOLS = YES;
				GCC_INLINES_ARE_PRIVATE_EXTERN = NO;
				GCC_OPTIMIZATION_LEVEL = 0;
				GCC_PREPROCESSOR_DEFINITIONS = ("'CMAKE_INTDIR=\"$(CONFIGURATION)$(EFFECTIVE_PLATFORM_NAME)\"'");
				GCC_SYMBOLS_PRIVATE_EXTERN = NO;
				INSTALL_PATH = "";
				OTHER_LDFLAGS = " ";
				OTHER_REZFLAGS = "";
				PRODUCT_NAME = ALL_BUILD;
				SECTORDER_FLAGS = "";
				SYMROOT = "/Users/antoniolig/Developer/c++/native_mobile_lib/xcode_build/sample";
				USE_HEADERMAP = NO;
				WARNING_CFLAGS = ("-Wmost","-Wno-four-char-constants","-Wno-unknown-pragmas","$(inherited)");
			};
			name = Debug;
		};
		6A5AAD9673CE4DABA8CE0364 /* Debug */ = {
			isa = XCBuildConfiguration;
			buildSettings = {
				COMBINE_HIDPI_IMAGES = YES;
				EXECUTABLE_PREFIX = "";
				EXECUTABLE_SUFFIX = "";
				GCC_GENERATE_DEBUGGING_SYMBOLS = YES;
				GCC_INLINES_ARE_PRIVATE_EXTERN = NO;
				GCC_OPTIMIZATION_LEVEL = 0;
				GCC_PREPROCESSOR_DEFINITIONS = ("'CMAKE_INTDIR=\"$(CONFIGURATION)$(EFFECTIVE_PLATFORM_NAME)\"'");
				GCC_SYMBOLS_PRIVATE_EXTERN = NO;
				HEADER_SEARCH_PATHS = ("/Users/antoniolig/Developer/c++/native_mobile_lib/lib/include");
				INSTALL_PATH = "";
				LIBRARY_SEARCH_PATHS = "";
				OTHER_CPLUSPLUSFLAGS = "   '-std=gnu++1z'  ";
				OTHER_LDFLAGS = " -Wl,-search_paths_first -Wl,-headerpad_max_install_names  /Users/antoniolig/Developer/c++/native_mobile_lib/xcode_build/lib/Debug/liblib.a";
				OTHER_REZFLAGS = "";
				PRODUCT_NAME = sample;
				SECTORDER_FLAGS = "";
				SYMROOT = "/Users/antoniolig/Developer/c++/native_mobile_lib/xcode_build/sample";
				USE_HEADERMAP = NO;
				WARNING_CFLAGS = ("-Wmost","-Wno-four-char-constants","-Wno-unknown-pragmas","$(inherited)");
			};
			name = Debug;
		};
		717FC436243F4BDB8F7BC012 /* MinSizeRel */ = {
			isa = XCBuildConfiguration;
			buildSettings = {
				COMBINE_HIDPI_IMAGES = YES;
				EXECUTABLE_PREFIX = "";
				EXECUTABLE_SUFFIX = "";
				GCC_GENERATE_DEBUGGING_SYMBOLS = NO;
				GCC_INLINES_ARE_PRIVATE_EXTERN = NO;
				GCC_OPTIMIZATION_LEVEL = s;
				GCC_PREPROCESSOR_DEFINITIONS = ("'CMAKE_INTDIR=\"$(CONFIGURATION)$(EFFECTIVE_PLATFORM_NAME)\"'");
				GCC_SYMBOLS_PRIVATE_EXTERN = NO;
				HEADER_SEARCH_PATHS = ("/Users/antoniolig/Developer/c++/native_mobile_lib/lib/include");
				INSTALL_PATH = "";
				LIBRARY_SEARCH_PATHS = "";
				OTHER_CPLUSPLUSFLAGS = "    -DNDEBUG '-std=gnu++1z'  ";
				OTHER_LDFLAGS = " -Wl,-search_paths_first -Wl,-headerpad_max_install_names  /Users/antoniolig/Developer/c++/native_mobile_lib/xcode_build/lib/MinSizeRel/liblib.a";
				OTHER_REZFLAGS = "";
				PRODUCT_NAME = sample;
				SECTORDER_FLAGS = "";
				SYMROOT = "/Users/antoniolig/Developer/c++/native_mobile_lib/xcode_build/sample";
				USE_HEADERMAP = NO;
				WARNING_CFLAGS = ("-Wmost","-Wno-four-char-constants","-Wno-unknown-pragmas","$(inherited)");
			};
			name = MinSizeRel;
		};
		807208E98F014DCCB77F0240 /* RelWithDebInfo */ = {
			isa = XCBuildConfiguration;
			buildSettings = {
				COMBINE_HIDPI_IMAGES = YES;
				EXECUTABLE_PREFIX = "";
				EXECUTABLE_SUFFIX = "";
				GCC_GENERATE_DEBUGGING_SYMBOLS = YES;
				GCC_INLINES_ARE_PRIVATE_EXTERN = NO;
				GCC_OPTIMIZATION_LEVEL = 2;
				GCC_PREPROCESSOR_DEFINITIONS = ("'CMAKE_INTDIR=\"$(CONFIGURATION)$(EFFECTIVE_PLATFORM_NAME)\"'");
				GCC_SYMBOLS_PRIVATE_EXTERN = NO;
				HEADER_SEARCH_PATHS = ("/Users/antoniolig/Developer/c++/native_mobile_lib/lib/include");
				INSTALL_PATH = "";
				LIBRARY_SEARCH_PATHS = "";
				OTHER_CPLUSPLUSFLAGS = "       -DNDEBUG '-std=gnu++1z'  ";
				OTHER_LDFLAGS = " -Wl,-search_paths_first -Wl,-headerpad_max_install_names  /Users/antoniolig/Developer/c++/native_mobile_lib/xcode_build/lib/RelWithDebInfo/liblib.a";
				OTHER_REZFLAGS = "";
				PRODUCT_NAME = sample;
				SECTORDER_FLAGS = "";
				SYMROOT = "/Users/antoniolig/Developer/c++/native_mobile_lib/xcode_build/sample";
				USE_HEADERMAP = NO;
				WARNING_CFLAGS = ("-Wmost","-Wno-four-char-constants","-Wno-unknown-pragmas","$(inherited)");
			};
			name = RelWithDebInfo;
		};
		9419B3134D4844919CDB272D /* Release */ = {
			isa = XCBuildConfiguration;
			buildSettings = {
				ONLY_ACTIVE_ARCH = YES;
				SDKROOT = /Applications/Xcode.app/Contents/Developer/Platforms/MacOSX.platform/Developer/SDKs/MacOSX10.14.sdk;
				SYMROOT = "/Users/antoniolig/Developer/c++/native_mobile_lib/xcode_build/sample/build";
			};
			name = Release;
		};
		AE3EA7DAF2E74709A36E2808 /* RelWithDebInfo */ = {
			isa = XCBuildConfiguration;
			buildSettings = {
				COMBINE_HIDPI_IMAGES = YES;
				GCC_GENERATE_DEBUGGING_SYMBOLS = YES;
				GCC_INLINES_ARE_PRIVATE_EXTERN = NO;
				GCC_OPTIMIZATION_LEVEL = 0;
				GCC_PREPROCESSOR_DEFINITIONS = ("'CMAKE_INTDIR=\"$(CONFIGURATION)$(EFFECTIVE_PLATFORM_NAME)\"'");
				GCC_SYMBOLS_PRIVATE_EXTERN = NO;
				INSTALL_PATH = "";
				OTHER_LDFLAGS = " ";
				OTHER_REZFLAGS = "";
				PRODUCT_NAME = ALL_BUILD;
				SECTORDER_FLAGS = "";
				SYMROOT = "/Users/antoniolig/Developer/c++/native_mobile_lib/xcode_build/sample";
				USE_HEADERMAP = NO;
				WARNING_CFLAGS = ("-Wmost","-Wno-four-char-constants","-Wno-unknown-pragmas","$(inherited)");
			};
			name = RelWithDebInfo;
		};
		B4BC41D3CB8144BEBBA7E292 /* MinSizeRel */ = {
			isa = XCBuildConfiguration;
			buildSettings = {
				COMBINE_HIDPI_IMAGES = YES;
				GCC_GENERATE_DEBUGGING_SYMBOLS = YES;
				GCC_INLINES_ARE_PRIVATE_EXTERN = NO;
				GCC_OPTIMIZATION_LEVEL = 0;
				GCC_PREPROCESSOR_DEFINITIONS = ("'CMAKE_INTDIR=\"$(CONFIGURATION)$(EFFECTIVE_PLATFORM_NAME)\"'");
				GCC_SYMBOLS_PRIVATE_EXTERN = NO;
				INSTALL_PATH = "";
				OTHER_LDFLAGS = " ";
				OTHER_REZFLAGS = "";
				PRODUCT_NAME = ALL_BUILD;
				SECTORDER_FLAGS = "";
				SYMROOT = "/Users/antoniolig/Developer/c++/native_mobile_lib/xcode_build/sample";
				USE_HEADERMAP = NO;
				WARNING_CFLAGS = ("-Wmost","-Wno-four-char-constants","-Wno-unknown-pragmas","$(inherited)");
			};
			name = MinSizeRel;
		};
		D76E914D674242E8B3F62DEE /* Release */ = {
			isa = XCBuildConfiguration;
			buildSettings = {
				COMBINE_HIDPI_IMAGES = YES;
				EXECUTABLE_PREFIX = "";
				EXECUTABLE_SUFFIX = "";
				GCC_GENERATE_DEBUGGING_SYMBOLS = NO;
				GCC_INLINES_ARE_PRIVATE_EXTERN = NO;
				GCC_OPTIMIZATION_LEVEL = 3;
				GCC_PREPROCESSOR_DEFINITIONS = ("'CMAKE_INTDIR=\"$(CONFIGURATION)$(EFFECTIVE_PLATFORM_NAME)\"'");
				GCC_SYMBOLS_PRIVATE_EXTERN = NO;
				HEADER_SEARCH_PATHS = ("/Users/antoniolig/Developer/c++/native_mobile_lib/lib/include");
				INSTALL_PATH = "";
				LIBRARY_SEARCH_PATHS = "";
				OTHER_CPLUSPLUSFLAGS = "    -DNDEBUG '-std=gnu++1z'  ";
				OTHER_LDFLAGS = " -Wl,-search_paths_first -Wl,-headerpad_max_install_names  /Users/antoniolig/Developer/c++/native_mobile_lib/xcode_build/lib/Release/liblib.a";
				OTHER_REZFLAGS = "";
				PRODUCT_NAME = sample;
				SECTORDER_FLAGS = "";
				SYMROOT = "/Users/antoniolig/Developer/c++/native_mobile_lib/xcode_build/sample";
				USE_HEADERMAP = NO;
				WARNING_CFLAGS = ("-Wmost","-Wno-four-char-constants","-Wno-unknown-pragmas","$(inherited)");
			};
			name = Release;
		};
		E47656F2748A43489F83A768 /* Release */ = {
			isa = XCBuildConfiguration;
			buildSettings = {
				COMBINE_HIDPI_IMAGES = YES;
				GCC_GENERATE_DEBUGGING_SYMBOLS = YES;
				GCC_INLINES_ARE_PRIVATE_EXTERN = NO;
				GCC_OPTIMIZATION_LEVEL = 0;
				GCC_PREPROCESSOR_DEFINITIONS = ("'CMAKE_INTDIR=\"$(CONFIGURATION)$(EFFECTIVE_PLATFORM_NAME)\"'");
				GCC_SYMBOLS_PRIVATE_EXTERN = NO;
				INSTALL_PATH = "";
				OTHER_LDFLAGS = " ";
				OTHER_REZFLAGS = "";
				PRODUCT_NAME = ZERO_CHECK;
				SECTORDER_FLAGS = "";
				SYMROOT = "/Users/antoniolig/Developer/c++/native_mobile_lib/xcode_build/sample";
				USE_HEADERMAP = NO;
				WARNING_CFLAGS = ("-Wmost","-Wno-four-char-constants","-Wno-unknown-pragmas","$(inherited)");
			};
			name = Release;
		};
		EB32F1B98BAF4D70AD57D559 /* Debug */ = {
			isa = XCBuildConfiguration;
			buildSettings = {
				COMBINE_HIDPI_IMAGES = YES;
				GCC_GENERATE_DEBUGGING_SYMBOLS = YES;
				GCC_INLINES_ARE_PRIVATE_EXTERN = NO;
				GCC_OPTIMIZATION_LEVEL = 0;
				GCC_PREPROCESSOR_DEFINITIONS = ("'CMAKE_INTDIR=\"$(CONFIGURATION)$(EFFECTIVE_PLATFORM_NAME)\"'");
				GCC_SYMBOLS_PRIVATE_EXTERN = NO;
				INSTALL_PATH = "";
				OTHER_LDFLAGS = " ";
				OTHER_REZFLAGS = "";
				PRODUCT_NAME = ZERO_CHECK;
				SECTORDER_FLAGS = "";
				SYMROOT = "/Users/antoniolig/Developer/c++/native_mobile_lib/xcode_build/sample";
				USE_HEADERMAP = NO;
				WARNING_CFLAGS = ("-Wmost","-Wno-four-char-constants","-Wno-unknown-pragmas","$(inherited)");
			};
			name = Debug;
		};
/* End XCBuildConfiguration section */

/* Begin XCConfigurationList section */
		189151A5D6E74240B56892A7 /* Build configuration list for PBXAggregateTarget "ZERO_CHECK" */ = {
			isa = XCConfigurationList;
			buildConfigurations = (
				EB32F1B98BAF4D70AD57D559 /* Debug */,
				E47656F2748A43489F83A768 /* Release */,
				1A4413A79CEA475F86F3A391 /* MinSizeRel */,
				460D76DD9FDB4CC38C7FC2CC /* RelWithDebInfo */,
			);
			defaultConfigurationIsVisible = 0;
			defaultConfigurationName = Debug;
		};
		357758C1A5ED49FE8AB81F1C /* Build configuration list for PBXNativeTarget "sample" */ = {
			isa = XCConfigurationList;
			buildConfigurations = (
				6A5AAD9673CE4DABA8CE0364 /* Debug */,
				D76E914D674242E8B3F62DEE /* Release */,
				717FC436243F4BDB8F7BC012 /* MinSizeRel */,
				807208E98F014DCCB77F0240 /* RelWithDebInfo */,
			);
			defaultConfigurationIsVisible = 0;
			defaultConfigurationName = Debug;
		};
		3F2D0B83F44C41B89F4ED43B /* Build configuration list for PBXProject "sample" */ = {
			isa = XCConfigurationList;
			buildConfigurations = (
				27CACA0F94304500A14327F5 /* Debug */,
				9419B3134D4844919CDB272D /* Release */,
				2A38BE2E5F474D1996D02736 /* MinSizeRel */,
				03A43693DF344B79A3F86E46 /* RelWithDebInfo */,
			);
			defaultConfigurationIsVisible = 0;
			defaultConfigurationName = Debug;
		};
		EE8D64CE1D5A4B96AE4E237C /* Build configuration list for PBXAggregateTarget "ALL_BUILD" */ = {
			isa = XCConfigurationList;
			buildConfigurations = (
				5FFF6D86B7D4460391B651A2 /* Debug */,
				06F86918831D467292D3FE23 /* Release */,
				B4BC41D3CB8144BEBBA7E292 /* MinSizeRel */,
				AE3EA7DAF2E74709A36E2808 /* RelWithDebInfo */,
			);
			defaultConfigurationIsVisible = 0;
			defaultConfigurationName = Debug;
		};
/* End XCConfigurationList section */
	};
	rootObject = 656728BBEAD244F391B026F8 /* Project object */;
}
